
Microsoft Visual Studio Solution File, Format Version 12.00
# Visual Studio 15
VisualStudioVersion = 15.0.27703.2042
MinimumVisualStudioVersion = 10.0.40219.1
Project("{FAE04EC0-301F-11D3-BF4B-00C04F79EFBC}") = "DataAccess", "DataAccess\DataAccess.csproj", "{89C74D08-977F-44BB-8DC2-D9577F241999}"
EndProject
Global
	GlobalSection(SolutionConfigurationPlatforms) = preSolution
		Debug|Any CPU = Debug|Any CPU
		Release|Any CPU = Release|Any CPU
	EndGlobalSection
	GlobalSection(ProjectConfigurationPlatforms) = postSolution
		{89C74D08-977F-44BB-8DC2-D9577F241999}.Debug|Any CPU.ActiveCfg = Debug|Any CPU
		{89C74D08-977F-44BB-8DC2-D9577F241999}.Debug|Any CPU.Build.0 = Debug|Any CPU
		{89C74D08-977F-44BB-8DC2-D9577F241999}.Release|Any CPU.ActiveCfg = Release|Any CPU
		{89C74D08-977F-44BB-8DC2-D9577F241999}.Release|Any CPU.Build.0 = Release|Any CPU
	EndGlobalSection
	GlobalSection(SolutionProperties) = preSolution
		HideSolutionNode = FALSE
	EndGlobalSection
	GlobalSection(ExtensibilityGlobals) = postSolution
		SolutionGuid = {4858EEEF-47AB-49E4-BE90-0671E31685E3}
	EndGlobalSection
EndGlobal
